
Microsoft Visual Studio Solution File, Format Version 12.00
# Visual Studio Version 17
VisualStudioVersion = 17.5.33516.290
MinimumVisualStudioVersion = 10.0.40219.1
Project("{FAE04EC0-301F-11D3-BF4B-00C04F79EFBC}") = "TestProject1", "TestProject1\TestProject1.csproj", "{F8097A22-FDA7-41DC-AAC3-A1536F08A82E}"
EndProject
Global
	GlobalSection(SolutionConfigurationPlatforms) = preSolution
		Debug|Any CPU = Debug|Any CPU
		Release|Any CPU = Release|Any CPU
	EndGlobalSection
	GlobalSection(ProjectConfigurationPlatforms) = postSolution
		{F8097A22-FDA7-41DC-AAC3-A1536F08A82E}.Debug|Any CPU.ActiveCfg = Debug|Any CPU
		{F8097A22-FDA7-41DC-AAC3-A1536F08A82E}.Debug|Any CPU.Build.0 = Debug|Any CPU
		{F8097A22-FDA7-41DC-AAC3-A1536F08A82E}.Release|Any CPU.ActiveCfg = Release|Any CPU
		{F8097A22-FDA7-41DC-AAC3-A1536F08A82E}.Release|Any CPU.Build.0 = Release|Any CPU
	EndGlobalSection
	GlobalSection(SolutionProperties) = preSolution
		HideSolutionNode = FALSE
	EndGlobalSection
	GlobalSection(ExtensibilityGlobals) = postSolution
		SolutionGuid = {75367CE3-45F3-4446-927C-3E7706B868FA}
	EndGlobalSection
EndGlobal
